// !$*UTF8*$!
{
	archiveVersion = 1;
	classes = {
	};
	objectVersion = 55;
	objects = {

/* Begin PBXBuildFile section */
		39687A6927ED981100C0ED34 /* AppDelegate.swift in Sources */ = {isa = PBXBuildFile; fileRef = 39687A6827ED981100C0ED34 /* AppDelegate.swift */; };
		39687A6B27ED981100C0ED34 /* SceneDelegate.swift in Sources */ = {isa = PBXBuildFile; fileRef = 39687A6A27ED981100C0ED34 /* SceneDelegate.swift */; };
		39687A6D27ED981100C0ED34 /* ViewController.swift in Sources */ = {isa = PBXBuildFile; fileRef = 39687A6C27ED981100C0ED34 /* ViewController.swift */; };
		39687A7027ED981100C0ED34 /* Main.storyboard in Resources */ = {isa = PBXBuildFile; fileRef = 39687A6E27ED981100C0ED34 /* Main.storyboard */; };
		39687A7227ED981300C0ED34 /* Assets.xcassets in Resources */ = {isa = PBXBuildFile; fileRef = 39687A7127ED981300C0ED34 /* Assets.xcassets */; };
		39687A7527ED981300C0ED34 /* LaunchScreen.storyboard in Resources */ = {isa = PBXBuildFile; fileRef = 39687A7327ED981300C0ED34 /* LaunchScreen.storyboard */; };
		39687A8027ED981300C0ED34 /* BSCTestRepoTests.swift in Sources */ = {isa = PBXBuildFile; fileRef = 39687A7F27ED981300C0ED34 /* BSCTestRepoTests.swift */; };
		39687A8A27ED981300C0ED34 /* BSCTestRepoUITests.swift in Sources */ = {isa = PBXBuildFile; fileRef = 39687A8927ED981300C0ED34 /* BSCTestRepoUITests.swift */; };
		39687A8C27ED981300C0ED34 /* BSCTestRepoUITestsLaunchTests.swift in Sources */ = {isa = PBXBuildFile; fileRef = 39687A8B27ED981300C0ED34 /* BSCTestRepoUITestsLaunchTests.swift */; };
/* End PBXBuildFile section */

/* Begin PBXContainerItemProxy section */
		39687A7C27ED981300C0ED34 /* PBXContainerItemProxy */ = {
			isa = PBXContainerItemProxy;
			containerPortal = 39687A5D27ED981100C0ED34 /* Project object */;
			proxyType = 1;
			remoteGlobalIDString = 39687A6427ED981100C0ED34;
			remoteInfo = BSCTestRepo;
		};
		39687A8627ED981300C0ED34 /* PBXContainerItemProxy */ = {
			isa = PBXContainerItemProxy;
			containerPortal = 39687A5D27ED981100C0ED34 /* Project object */;
			proxyType = 1;
			remoteGlobalIDString = 39687A6427ED981100C0ED34;
			remoteInfo = BSCTestRepo;
		};
/* End PBXContainerItemProxy section */

/* Begin PBXFileReference section */
		39687A6527ED981100C0ED34 /* BSCTestRepo.app */ = {isa = PBXFileReference; explicitFileType = wrapper.application; includeInIndex = 0; path = BSCTestRepo.app; sourceTree = BUILT_PRODUCTS_DIR; };
		39687A6827ED981100C0ED34 /* AppDelegate.swift */ = {isa = PBXFileReference; lastKnownFileType = sourcecode.swift; path = AppDelegate.swift; sourceTree = "<group>"; };
		39687A6A27ED981100C0ED34 /* SceneDelegate.swift */ = {isa = PBXFileReference; lastKnownFileType = sourcecode.swift; path = SceneDelegate.swift; sourceTree = "<group>"; };
		39687A6C27ED981100C0ED34 /* ViewController.swift */ = {isa = PBXFileReference; lastKnownFileType = sourcecode.swift; path = ViewController.swift; sourceTree = "<group>"; };
		39687A6F27ED981100C0ED34 /* Base */ = {isa = PBXFileReference; lastKnownFileType = file.storyboard; name = Base; path = Base.lproj/Main.storyboard; sourceTree = "<group>"; };
		39687A7127ED981300C0ED34 /* Assets.xcassets */ = {isa = PBXFileReference; lastKnownFileType = folder.assetcatalog; path = Assets.xcassets; sourceTree = "<group>"; };
		39687A7427ED981300C0ED34 /* Base */ = {isa = PBXFileReference; lastKnownFileType = file.storyboard; name = Base; path = Base.lproj/LaunchScreen.storyboard; sourceTree = "<group>"; };
		39687A7627ED981300C0ED34 /* Info.plist */ = {isa = PBXFileReference; lastKnownFileType = text.plist.xml; path = Info.plist; sourceTree = "<group>"; };
		39687A7B27ED981300C0ED34 /* BSCTestRepoTests.xctest */ = {isa = PBXFileReference; explicitFileType = wrapper.cfbundle; includeInIndex = 0; path = BSCTestRepoTests.xctest; sourceTree = BUILT_PRODUCTS_DIR; };
		39687A7F27ED981300C0ED34 /* BSCTestRepoTests.swift */ = {isa = PBXFileReference; lastKnownFileType = sourcecode.swift; path = BSCTestRepoTests.swift; sourceTree = "<group>"; };
		39687A8527ED981300C0ED34 /* BSCTestRepoUITests.xctest */ = {isa = PBXFileReference; explicitFileType = wrapper.cfbundle; includeInIndex = 0; path = BSCTestRepoUITests.xctest; sourceTree = BUILT_PRODUCTS_DIR; };
		39687A8927ED981300C0ED34 /* BSCTestRepoUITests.swift */ = {isa = PBXFileReference; lastKnownFileType = sourcecode.swift; path = BSCTestRepoUITests.swift; sourceTree = "<group>"; };
		39687A8B27ED981300C0ED34 /* BSCTestRepoUITestsLaunchTests.swift */ = {isa = PBXFileReference; lastKnownFileType = sourcecode.swift; path = BSCTestRepoUITestsLaunchTests.swift; sourceTree = "<group>"; };
/* End PBXFileReference section */

/* Begin PBXFrameworksBuildPhase section */
		39687A6227ED981100C0ED34 /* Frameworks */ = {
			isa = PBXFrameworksBuildPhase;
			buildActionMask = 2147483647;
			files = (
			);
			runOnlyForDeploymentPostprocessing = 0;
		};
		39687A7827ED981300C0ED34 /* Frameworks */ = {
			isa = PBXFrameworksBuildPhase;
			buildActionMask = 2147483647;
			files = (
			);
			runOnlyForDeploymentPostprocessing = 0;
		};
		39687A8227ED981300C0ED34 /* Frameworks */ = {
			isa = PBXFrameworksBuildPhase;
			buildActionMask = 2147483647;
			files = (
			);
			runOnlyForDeploymentPostprocessing = 0;
		};
/* End PBXFrameworksBuildPhase section */

/* Begin PBXGroup section */
		39687A5C27ED981100C0ED34 = {
			isa = PBXGroup;
			children = (
				39687A6727ED981100C0ED34 /* BSCTestRepo */,
				39687A7E27ED981300C0ED34 /* BSCTestRepoTests */,
				39687A8827ED981300C0ED34 /* BSCTestRepoUITests */,
				39687A6627ED981100C0ED34 /* Products */,
			);
			sourceTree = "<group>";
		};
		39687A6627ED981100C0ED34 /* Products */ = {
			isa = PBXGroup;
			children = (
				39687A6527ED981100C0ED34 /* BSCTestRepo.app */,
				39687A7B27ED981300C0ED34 /* BSCTestRepoTests.xctest */,
				39687A8527ED981300C0ED34 /* BSCTestRepoUITests.xctest */,
			);
			name = Products;
			sourceTree = "<group>";
		};
		39687A6727ED981100C0ED34 /* BSCTestRepo */ = {
			isa = PBXGroup;
			children = (
				39687A6827ED981100C0ED34 /* AppDelegate.swift */,
				39687A6A27ED981100C0ED34 /* SceneDelegate.swift */,
				39687A6C27ED981100C0ED34 /* ViewController.swift */,
				39687A6E27ED981100C0ED34 /* Main.storyboard */,
				39687A7127ED981300C0ED34 /* Assets.xcassets */,
				39687A7327ED981300C0ED34 /* LaunchScreen.storyboard */,
				39687A7627ED981300C0ED34 /* Info.plist */,
			);
			path = BSCTestRepo;
			sourceTree = "<group>";
		};
		39687A7E27ED981300C0ED34 /* BSCTestRepoTests */ = {
			isa = PBXGroup;
			children = (
				39687A7F27ED981300C0ED34 /* BSCTestRepoTests.swift */,
			);
			path = BSCTestRepoTests;
			sourceTree = "<group>";
		};
		39687A8827ED981300C0ED34 /* BSCTestRepoUITests */ = {
			isa = PBXGroup;
			children = (
				39687A8927ED981300C0ED34 /* BSCTestRepoUITests.swift */,
				39687A8B27ED981300C0ED34 /* BSCTestRepoUITestsLaunchTests.swift */,
			);
			path = BSCTestRepoUITests;
			sourceTree = "<group>";
		};
/* End PBXGroup section */

/* Begin PBXNativeTarget section */
		39687A6427ED981100C0ED34 /* BSCTestRepo */ = {
			isa = PBXNativeTarget;
			buildConfigurationList = 39687A8F27ED981300C0ED34 /* Build configuration list for PBXNativeTarget "BSCTestRepo" */;
			buildPhases = (
				39687A6127ED981100C0ED34 /* Sources */,
				39687A6227ED981100C0ED34 /* Frameworks */,
				39687A6327ED981100C0ED34 /* Resources */,
			);
			buildRules = (
			);
			dependencies = (
			);
			name = BSCTestRepo;
			productName = BSCTestRepo;
			productReference = 39687A6527ED981100C0ED34 /* BSCTestRepo.app */;
			productType = "com.apple.product-type.application";
		};
		39687A7A27ED981300C0ED34 /* BSCTestRepoTests */ = {
			isa = PBXNativeTarget;
			buildConfigurationList = 39687A9227ED981300C0ED34 /* Build configuration list for PBXNativeTarget "BSCTestRepoTests" */;
			buildPhases = (
				39687A7727ED981300C0ED34 /* Sources */,
				39687A7827ED981300C0ED34 /* Frameworks */,
				39687A7927ED981300C0ED34 /* Resources */,
			);
			buildRules = (
			);
			dependencies = (
				39687A7D27ED981300C0ED34 /* PBXTargetDependency */,
			);
			name = BSCTestRepoTests;
			productName = BSCTestRepoTests;
			productReference = 39687A7B27ED981300C0ED34 /* BSCTestRepoTests.xctest */;
			productType = "com.apple.product-type.bundle.unit-test";
		};
		39687A8427ED981300C0ED34 /* BSCTestRepoUITests */ = {
			isa = PBXNativeTarget;
			buildConfigurationList = 39687A9527ED981300C0ED34 /* Build configuration list for PBXNativeTarget "BSCTestRepoUITests" */;
			buildPhases = (
				39687A8127ED981300C0ED34 /* Sources */,
				39687A8227ED981300C0ED34 /* Frameworks */,
				39687A8327ED981300C0ED34 /* Resources */,
			);
			buildRules = (
			);
			dependencies = (
				39687A8727ED981300C0ED34 /* PBXTargetDependency */,
			);
			name = BSCTestRepoUITests;
			productName = BSCTestRepoUITests;
			productReference = 39687A8527ED981300C0ED34 /* BSCTestRepoUITests.xctest */;
			productType = "com.apple.product-type.bundle.ui-testing";
		};
/* End PBXNativeTarget section */

/* Begin PBXProject section */
		39687A5D27ED981100C0ED34 /* Project object */ = {
			isa = PBXProject;
			attributes = {
				BuildIndependentTargetsInParallel = 1;
				LastSwiftUpdateCheck = 1320;
				LastUpgradeCheck = 1320;
				TargetAttributes = {
					39687A6427ED981100C0ED34 = {
						CreatedOnToolsVersion = 13.2.1;
					};
					39687A7A27ED981300C0ED34 = {
						CreatedOnToolsVersion = 13.2.1;
						TestTargetID = 39687A6427ED981100C0ED34;
					};
					39687A8427ED981300C0ED34 = {
						CreatedOnToolsVersion = 13.2.1;
						TestTargetID = 39687A6427ED981100C0ED34;
					};
				};
			};
			buildConfigurationList = 39687A6027ED981100C0ED34 /* Build configuration list for PBXProject "BSCTestRepo" */;
			compatibilityVersion = "Xcode 13.0";
			developmentRegion = en;
			hasScannedForEncodings = 0;
			knownRegions = (
				en,
				Base,
			);
			mainGroup = 39687A5C27ED981100C0ED34;
			productRefGroup = 39687A6627ED981100C0ED34 /* Products */;
			projectDirPath = "";
			projectRoot = "";
			targets = (
				39687A6427ED981100C0ED34 /* BSCTestRepo */,
				39687A7A27ED981300C0ED34 /* BSCTestRepoTests */,
				39687A8427ED981300C0ED34 /* BSCTestRepoUITests */,
			);
		};
/* End PBXProject section */

/* Begin PBXResourcesBuildPhase section */
		39687A6327ED981100C0ED34 /* Resources */ = {
			isa = PBXResourcesBuildPhase;
			buildActionMask = 2147483647;
			files = (
				39687A7527ED981300C0ED34 /* LaunchScreen.storyboard in Resources */,
				39687A7227ED981300C0ED34 /* Assets.xcassets in Resources */,
				39687A7027ED981100C0ED34 /* Main.storyboard in Resources */,
			);
			runOnlyForDeploymentPostprocessing = 0;
		};
		39687A7927ED981300C0ED34 /* Resources */ = {
			isa = PBXResourcesBuildPhase;
			buildActionMask = 2147483647;
			files = (
			);
			runOnlyForDeploymentPostprocessing = 0;
		};
		39687A8327ED981300C0ED34 /* Resources */ = {
			isa = PBXResourcesBuildPhase;
			buildActionMask = 2147483647;
			files = (
			);
			runOnlyForDeploymentPostprocessing = 0;
		};
/* End PBXResourcesBuildPhase section */

/* Begin PBXSourcesBuildPhase section */
		39687A6127ED981100C0ED34 /* Sources */ = {
			isa = PBXSourcesBuildPhase;
			buildActionMask = 2147483647;
			files = (
				39687A6D27ED981100C0ED34 /* ViewController.swift in Sources */,
				39687A6927ED981100C0ED34 /* AppDelegate.swift in Sources */,
				39687A6B27ED981100C0ED34 /* SceneDelegate.swift in Sources */,
			);
			runOnlyForDeploymentPostprocessing = 0;
		};
		39687A7727ED981300C0ED34 /* Sources */ = {
			isa = PBXSourcesBuildPhase;
			buildActionMask = 2147483647;
			files = (
				39687A8027ED981300C0ED34 /* BSCTestRepoTests.swift in Sources */,
			);
			runOnlyForDeploymentPostprocessing = 0;
		};
		39687A8127ED981300C0ED34 /* Sources */ = {
			isa = PBXSourcesBuildPhase;
			buildActionMask = 2147483647;
			files = (
				39687A8A27ED981300C0ED34 /* BSCTestRepoUITests.swift in Sources */,
				39687A8C27ED981300C0ED34 /* BSCTestRepoUITestsLaunchTests.swift in Sources */,
			);
			runOnlyForDeploymentPostprocessing = 0;
		};
/* End PBXSourcesBuildPhase section */

/* Begin PBXTargetDependency section */
		39687A7D27ED981300C0ED34 /* PBXTargetDependency */ = {
			isa = PBXTargetDependency;
			target = 39687A6427ED981100C0ED34 /* BSCTestRepo */;
			targetProxy = 39687A7C27ED981300C0ED34 /* PBXContainerItemProxy */;
		};
		39687A8727ED981300C0ED34 /* PBXTargetDependency */ = {
			isa = PBXTargetDependency;
			target = 39687A6427ED981100C0ED34 /* BSCTestRepo */;
			targetProxy = 39687A8627ED981300C0ED34 /* PBXContainerItemProxy */;
		};
/* End PBXTargetDependency section */

/* Begin PBXVariantGroup section */
		39687A6E27ED981100C0ED34 /* Main.storyboard */ = {
			isa = PBXVariantGroup;
			children = (
				39687A6F27ED981100C0ED34 /* Base */,
			);
			name = Main.storyboard;
			sourceTree = "<group>";
		};
		39687A7327ED981300C0ED34 /* LaunchScreen.storyboard */ = {
			isa = PBXVariantGroup;
			children = (
				39687A7427ED981300C0ED34 /* Base */,
			);
			name = LaunchScreen.storyboard;
			sourceTree = "<group>";
		};
/* End PBXVariantGroup section */

/* Begin XCBuildConfiguration section */
		39687A8D27ED981300C0ED34 /* Debug */ = {
			isa = XCBuildConfiguration;
			buildSettings = {
				ALWAYS_SEARCH_USER_PATHS = NO;
				CLANG_ANALYZER_NONNULL = YES;
				CLANG_ANALYZER_NUMBER_OBJECT_CONVERSION = YES_AGGRESSIVE;
				CLANG_CXX_LANGUAGE_STANDARD = "gnu++17";
				CLANG_CXX_LIBRARY = "libc++";
				CLANG_ENABLE_MODULES = YES;
				CLANG_ENABLE_OBJC_ARC = YES;
				CLANG_ENABLE_OBJC_WEAK = YES;
				CLANG_WARN_BLOCK_CAPTURE_AUTORELEASING = YES;
				CLANG_WARN_BOOL_CONVERSION = YES;
				CLANG_WARN_COMMA = YES;
				CLANG_WARN_CONSTANT_CONVERSION = YES;
				CLANG_WARN_DEPRECATED_OBJC_IMPLEMENTATIONS = YES;
				CLANG_WARN_DIRECT_OBJC_ISA_USAGE = YES_ERROR;
				CLANG_WARN_DOCUMENTATION_COMMENTS = YES;
				CLANG_WARN_EMPTY_BODY = YES;
				CLANG_WARN_ENUM_CONVERSION = YES;
				CLANG_WARN_INFINITE_RECURSION = YES;
				CLANG_WARN_INT_CONVERSION = YES;
				CLANG_WARN_NON_LITERAL_NULL_CONVERSION = YES;
				CLANG_WARN_OBJC_IMPLICIT_RETAIN_SELF = YES;
				CLANG_WARN_OBJC_LITERAL_CONVERSION = YES;
				CLANG_WARN_OBJC_ROOT_CLASS = YES_ERROR;
				CLANG_WARN_QUOTED_INCLUDE_IN_FRAMEWORK_HEADER = YES;
				CLANG_WARN_RANGE_LOOP_ANALYSIS = YES;
				CLANG_WARN_STRICT_PROTOTYPES = YES;
				CLANG_WARN_SUSPICIOUS_MOVE = YES;
				CLANG_WARN_UNGUARDED_AVAILABILITY = YES_AGGRESSIVE;
				CLANG_WARN_UNREACHABLE_CODE = YES;
				CLANG_WARN__DUPLICATE_METHOD_MATCH = YES;
				COPY_PHASE_STRIP = NO;
				DEBUG_INFORMATION_FORMAT = dwarf;
				ENABLE_STRICT_OBJC_MSGSEND = YES;
				ENABLE_TESTABILITY = YES;
				GCC_C_LANGUAGE_STANDARD = gnu11;
				GCC_DYNAMIC_NO_PIC = NO;
				GCC_NO_COMMON_BLOCKS = YES;
				GCC_OPTIMIZATION_LEVEL = 0;
				GCC_PREPROCESSOR_DEFINITIONS = (
					"DEBUG=1",
					"$(inherited)",
				);
				GCC_WARN_64_TO_32_BIT_CONVERSION = YES;
				GCC_WARN_ABOUT_RETURN_TYPE = YES_ERROR;
				GCC_WARN_UNDECLARED_SELECTOR = YES;
				GCC_WARN_UNINITIALIZED_AUTOS = YES_AGGRESSIVE;
				GCC_WARN_UNUSED_FUNCTION = YES;
				GCC_WARN_UNUSED_VARIABLE = YES;
				IPHONEOS_DEPLOYMENT_TARGET = 15.2;
				MTL_ENABLE_DEBUG_INFO = INCLUDE_SOURCE;
				MTL_FAST_MATH = YES;
				ONLY_ACTIVE_ARCH = YES;
				SDKROOT = iphoneos;
				SWIFT_ACTIVE_COMPILATION_CONDITIONS = DEBUG;
				SWIFT_OPTIMIZATION_LEVEL = "-Onone";
			};
			name = Debug;
		};
		39687A8E27ED981300C0ED34 /* Release */ = {
			isa = XCBuildConfiguration;
			buildSettings = {
				ALWAYS_SEARCH_USER_PATHS = NO;
				CLANG_ANALYZER_NONNULL = YES;
				CLANG_ANALYZER_NUMBER_OBJECT_CONVERSION = YES_AGGRESSIVE;
				CLANG_CXX_LANGUAGE_STANDARD = "gnu++17";
				CLANG_CXX_LIBRARY = "libc++";
				CLANG_ENABLE_MODULES = YES;
				CLANG_ENABLE_OBJC_ARC = YES;
				CLANG_ENABLE_OBJC_WEAK = YES;
				CLANG_WARN_BLOCK_CAPTURE_AUTORELEASING = YES;
				CLANG_WARN_BOOL_CONVERSION = YES;
				CLANG_WARN_COMMA = YES;
				CLANG_WARN_CONSTANT_CONVERSION = YES;
				CLANG_WARN_DEPRECATED_OBJC_IMPLEMENTATIONS = YES;
				CLANG_WARN_DIRECT_OBJC_ISA_USAGE = YES_ERROR;
				CLANG_WARN_DOCUMENTATION_COMMENTS = YES;
				CLANG_WARN_EMPTY_BODY = YES;
				CLANG_WARN_ENUM_CONVERSION = YES;
				CLANG_WARN_INFINITE_RECURSION = YES;
				CLANG_WARN_INT_CONVERSION = YES;
				CLANG_WARN_NON_LITERAL_NULL_CONVERSION = YES;
				CLANG_WARN_OBJC_IMPLICIT_RETAIN_SELF = YES;
				CLANG_WARN_OBJC_LITERAL_CONVERSION = YES;
				CLANG_WARN_OBJC_ROOT_CLASS = YES_ERROR;
				CLANG_WARN_QUOTED_INCLUDE_IN_FRAMEWORK_HEADER = YES;
				CLANG_WARN_RANGE_LOOP_ANALYSIS = YES;
				CLANG_WARN_STRICT_PROTOTYPES = YES;
				CLANG_WARN_SUSPICIOUS_MOVE = YES;
				CLANG_WARN_UNGUARDED_AVAILABILITY = YES_AGGRESSIVE;
				CLANG_WARN_UNREACHABLE_CODE = YES;
				CLANG_WARN__DUPLICATE_METHOD_MATCH = YES;
				COPY_PHASE_STRIP = NO;
				DEBUG_INFORMATION_FORMAT = "dwarf-with-dsym";
				ENABLE_NS_ASSERTIONS = NO;
				ENABLE_STRICT_OBJC_MSGSEND = YES;
				GCC_C_LANGUAGE_STANDARD = gnu11;
				GCC_NO_COMMON_BLOCKS = YES;
				GCC_WARN_64_TO_32_BIT_CONVERSION = YES;
				GCC_WARN_ABOUT_RETURN_TYPE = YES_ERROR;
				GCC_WARN_UNDECLARED_SELECTOR = YES;
				GCC_WARN_UNINITIALIZED_AUTOS = YES_AGGRESSIVE;
				GCC_WARN_UNUSED_FUNCTION = YES;
				GCC_WARN_UNUSED_VARIABLE = YES;
				IPHONEOS_DEPLOYMENT_TARGET = 15.2;
				MTL_ENABLE_DEBUG_INFO = NO;
				MTL_FAST_MATH = YES;
				SDKROOT = iphoneos;
				SWIFT_COMPILATION_MODE = wholemodule;
				SWIFT_OPTIMIZATION_LEVEL = "-O";
				VALIDATE_PRODUCT = YES;
			};
			name = Release;
		};
		39687A9027ED981300C0ED34 /* Debug */ = {
			isa = XCBuildConfiguration;
			buildSettings = {
				ASSETCATALOG_COMPILER_APPICON_NAME = AppIcon;
				ASSETCATALOG_COMPILER_GLOBAL_ACCENT_COLOR_NAME = AccentColor;
				CODE_SIGN_STYLE = Automatic;
				CURRENT_PROJECT_VERSION = 1;
				DEVELOPMENT_TEAM = A9J4WDMWF3;
				GENERATE_INFOPLIST_FILE = YES;
				INFOPLIST_FILE = BSCTestRepo/Info.plist;
				INFOPLIST_KEY_UIApplicationSupportsIndirectInputEvents = YES;
				INFOPLIST_KEY_UILaunchStoryboardName = LaunchScreen;
				INFOPLIST_KEY_UIMainStoryboardFile = Main;
				INFOPLIST_KEY_UISupportedInterfaceOrientations_iPad = "UIInterfaceOrientationPortrait UIInterfaceOrientationPortraitUpsideDown UIInterfaceOrientationLandscapeLeft UIInterfaceOrientationLandscapeRight";
				INFOPLIST_KEY_UISupportedInterfaceOrientations_iPhone = "UIInterfaceOrientationPortrait UIInterfaceOrientationLandscapeLeft UIInterfaceOrientationLandscapeRight";
				LD_RUNPATH_SEARCH_PATHS = (
					"$(inherited)",
					"@executable_path/Frameworks",
				);
				MARKETING_VERSION = 1.0;
				PRODUCT_BUNDLE_IDENTIFIER = bulatK.BSCTestRepo;
				PRODUCT_NAME = "$(TARGET_NAME)";
				SWIFT_EMIT_LOC_STRINGS = YES;
				SWIFT_VERSION = 5.0;
				TARGETED_DEVICE_FAMILY = "1,2";
			};
			name = Debug;
		};
		39687A9127ED981300C0ED34 /* Release */ = {
			isa = XCBuildConfiguration;
			buildSettings = {
				ASSETCATALOG_COMPILER_APPICON_NAME = AppIcon;
				ASSETCATALOG_COMPILER_GLOBAL_ACCENT_COLOR_NAME = AccentColor;
				CODE_SIGN_STYLE = Automatic;
				CURRENT_PROJECT_VERSION = 1;
				DEVELOPMENT_TEAM = A9J4WDMWF3;
				GENERATE_INFOPLIST_FILE = YES;
				INFOPLIST_FILE = BSCTestRepo/Info.plist;
				INFOPLIST_KEY_UIApplicationSupportsIndirectInputEvents = YES;
				INFOPLIST_KEY_UILaunchStoryboardName = LaunchScreen;
				INFOPLIST_KEY_UIMainStoryboardFile = Main;
				INFOPLIST_KEY_UISupportedInterfaceOrientations_iPad = "UIInterfaceOrientationPortrait UIInterfaceOrientationPortraitUpsideDown UIInterfaceOrientationLandscapeLeft UIInterfaceOrientationLandscapeRight";
				INFOPLIST_KEY_UISupportedInterfaceOrientations_iPhone = "UIInterfaceOrientationPortrait UIInterfaceOrientationLandscapeLeft UIInterfaceOrientationLandscapeRight";
				LD_RUNPATH_SEARCH_PATHS = (
					"$(inherited)",
					"@executable_path/Frameworks",
				);
				MARKETING_VERSION = 1.0;
				PRODUCT_BUNDLE_IDENTIFIER = bulatK.BSCTestRepo;
				PRODUCT_NAME = "$(TARGET_NAME)";
				SWIFT_EMIT_LOC_STRINGS = YES;
				SWIFT_VERSION = 5.0;
				TARGETED_DEVICE_FAMILY = "1,2";
			};
			name = Release;
		};
		39687A9327ED981300C0ED34 /* Debug */ = {
			isa = XCBuildConfiguration;
			buildSettings = {
				ALWAYS_EMBED_SWIFT_STANDARD_LIBRARIES = YES;
				BUNDLE_LOADER = "$(TEST_HOST)";
				CODE_SIGN_STYLE = Automatic;
				CURRENT_PROJECT_VERSION = 1;
				DEVELOPMENT_TEAM = A9J4WDMWF3;
				GENERATE_INFOPLIST_FILE = YES;
				IPHONEOS_DEPLOYMENT_TARGET = 15.2;
				MARKETING_VERSION = 1.0;
				PRODUCT_BUNDLE_IDENTIFIER = bulatK.BSCTestRepoTests;
				PRODUCT_NAME = "$(TARGET_NAME)";
				SWIFT_EMIT_LOC_STRINGS = NO;
				SWIFT_VERSION = 5.0;
				TARGETED_DEVICE_FAMILY = "1,2";
				TEST_HOST = "$(BUILT_PRODUCTS_DIR)/BSCTestRepo.app/BSCTestRepo";
			};
			name = Debug;
		};
		39687A9427ED981300C0ED34 /* Release */ = {
			isa = XCBuildConfiguration;
			buildSettings = {
				ALWAYS_EMBED_SWIFT_STANDARD_LIBRARIES = YES;
				BUNDLE_LOADER = "$(TEST_HOST)";
				CODE_SIGN_STYLE = Automatic;
				CURRENT_PROJECT_VERSION = 1;
				DEVELOPMENT_TEAM = A9J4WDMWF3;
				GENERATE_INFOPLIST_FILE = YES;
				IPHONEOS_DEPLOYMENT_TARGET = 15.2;
				MARKETING_VERSION = 1.0;
				PRODUCT_BUNDLE_IDENTIFIER = bulatK.BSCTestRepoTests;
				PRODUCT_NAME = "$(TARGET_NAME)";
				SWIFT_EMIT_LOC_STRINGS = NO;
				SWIFT_VERSION = 5.0;
				TARGETED_DEVICE_FAMILY = "1,2";
				TEST_HOST = "$(BUILT_PRODUCTS_DIR)/BSCTestRepo.app/BSCTestRepo";
			};
			name = Release;
		};
		39687A9627ED981300C0ED34 /* Debug */ = {
			isa = XCBuildConfiguration;
			buildSettings = {
				ALWAYS_EMBED_SWIFT_STANDARD_LIBRARIES = YES;
				CODE_SIGN_STYLE = Automatic;
				CURRENT_PROJECT_VERSION = 1;
				DEVELOPMENT_TEAM = A9J4WDMWF3;
				GENERATE_INFOPLIST_FILE = YES;
				MARKETING_VERSION = 1.0;
				PRODUCT_BUNDLE_IDENTIFIER = bulatK.BSCTestRepoUITests;
				PRODUCT_NAME = "$(TARGET_NAME)";
				SWIFT_EMIT_LOC_STRINGS = NO;
				SWIFT_VERSION = 5.0;
				TARGETED_DEVICE_FAMILY = "1,2";
				TEST_TARGET_NAME = BSCTestRepo;
			};
			name = Debug;
		};
		39687A9727ED981300C0ED34 /* Release */ = {
			isa = XCBuildConfiguration;
			buildSettings = {
				ALWAYS_EMBED_SWIFT_STANDARD_LIBRARIES = YES;
				CODE_SIGN_STYLE = Automatic;
				CURRENT_PROJECT_VERSION = 1;
				DEVELOPMENT_TEAM = A9J4WDMWF3;
				GENERATE_INFOPLIST_FILE = YES;
				MARKETING_VERSION = 1.0;
				PRODUCT_BUNDLE_IDENTIFIER = bulatK.BSCTestRepoUITests;
				PRODUCT_NAME = "$(TARGET_NAME)";
				SWIFT_EMIT_LOC_STRINGS = NO;
				SWIFT_VERSION = 5.0;
				TARGETED_DEVICE_FAMILY = "1,2";
				TEST_TARGET_NAME = BSCTestRepo;
			};
			name = Release;
		};
/* End XCBuildConfiguration section */

/* Begin XCConfigurationList section */
		39687A6027ED981100C0ED34 /* Build configuration list for PBXProject "BSCTestRepo" */ = {
			isa = XCConfigurationList;
			buildConfigurations = (
				39687A8D27ED981300C0ED34 /* Debug */,
				39687A8E27ED981300C0ED34 /* Release */,
			);
			defaultConfigurationIsVisible = 0;
			defaultConfigurationName = Release;
		};
		39687A8F27ED981300C0ED34 /* Build configuration list for PBXNativeTarget "BSCTestRepo" */ = {
			isa = XCConfigurationList;
			buildConfigurations = (
				39687A9027ED981300C0ED34 /* Debug */,
				39687A9127ED981300C0ED34 /* Release */,
			);
			defaultConfigurationIsVisible = 0;
			defaultConfigurationName = Release;
		};
		39687A9227ED981300C0ED34 /* Build configuration list for PBXNativeTarget "BSCTestRepoTests" */ = {
			isa = XCConfigurationList;
			buildConfigurations = (
				39687A9327ED981300C0ED34 /* Debug */,
				39687A9427ED981300C0ED34 /* Release */,
			);
			defaultConfigurationIsVisible = 0;
			defaultConfigurationName = Release;
		};
		39687A9527ED981300C0ED34 /* Build configuration list for PBXNativeTarget "BSCTestRepoUITests" */ = {
			isa = XCConfigurationList;
			buildConfigurations = (
				39687A9627ED981300C0ED34 /* Debug */,
				39687A9727ED981300C0ED34 /* Release */,
			);
			defaultConfigurationIsVisible = 0;
			defaultConfigurationName = Release;
		};
/* End XCConfigurationList section */
	};
	rootObject = 39687A5D27ED981100C0ED34 /* Project object */;
}
